
Microsoft Visual Studio Solution File, Format Version 12.00
# Visual Studio 2013
VisualStudioVersion = 12.0.21005.1
MinimumVisualStudioVersion = 10.0.40219.1
Project("{8BC9CEB8-8B4A-11D0-8D11-00A0C91BC942}") = "Tree", "Tree\Tree.vcxproj", "{B2DAC9AA-7436-4C83-9801-410B1CEA5C89}"
EndProject
Global
	GlobalSection(TeamFoundationVersionControl) = preSolution
		SccNumberOfProjects = 2
		SccEnterpriseProvider = {4CA58AB2-18FA-4F8D-95D4-32DDF27D184C}
		SccTeamFoundationServer = https://lixiaomao.visualstudio.com/defaultcollection
		SccLocalPath0 = .
		SccProjectUniqueName1 = Tree\\Tree.vcxproj
		SccProjectName1 = Tree
		SccLocalPath1 = Tree
	EndGlobalSection
	GlobalSection(SolutionConfigurationPlatforms) = preSolution
		Debug|Win32 = Debug|Win32
		Release|Win32 = Release|Win32
	EndGlobalSection
	GlobalSection(ProjectConfigurationPlatforms) = postSolution
		{B2DAC9AA-7436-4C83-9801-410B1CEA5C89}.Debug|Win32.ActiveCfg = Debug|Win32
		{B2DAC9AA-7436-4C83-9801-410B1CEA5C89}.Debug|Win32.Build.0 = Debug|Win32
		{B2DAC9AA-7436-4C83-9801-410B1CEA5C89}.Release|Win32.ActiveCfg = Release|Win32
		{B2DAC9AA-7436-4C83-9801-410B1CEA5C89}.Release|Win32.Build.0 = Release|Win32
	EndGlobalSection
	GlobalSection(SolutionProperties) = preSolution
		HideSolutionNode = FALSE
	EndGlobalSection
EndGlobal
